// !$*UTF8*$!
{
	archiveVersion = 1;
	classes = {
	};
	objectVersion = 51;
	objects = {

/* Begin PBXBuildFile section */
		C69BC8763E811FE77F5E9829 /* Pods_AblyExperiments.framework in Frameworks */ = {isa = PBXBuildFile; fileRef = 15A0BA9777D10441640C2BF3 /* Pods_AblyExperiments.framework */; };
		D717FAAC2164CA70008E9A04 /* AppDelegate.swift in Sources */ = {isa = PBXBuildFile; fileRef = D717FAAB2164CA70008E9A04 /* AppDelegate.swift */; };
		D717FAAE2164CA70008E9A04 /* ViewController.swift in Sources */ = {isa = PBXBuildFile; fileRef = D717FAAD2164CA70008E9A04 /* ViewController.swift */; };
		D717FAB12164CA70008E9A04 /* Main.storyboard in Resources */ = {isa = PBXBuildFile; fileRef = D717FAAF2164CA70008E9A04 /* Main.storyboard */; };
		D717FAB32164CA72008E9A04 /* Assets.xcassets in Resources */ = {isa = PBXBuildFile; fileRef = D717FAB22164CA72008E9A04 /* Assets.xcassets */; };
		D717FAB62164CA72008E9A04 /* LaunchScreen.storyboard in Resources */ = {isa = PBXBuildFile; fileRef = D717FAB42164CA72008E9A04 /* LaunchScreen.storyboard */; };
		D7187E1E21CD323A005927CC /* AnotherViewController.m in Sources */ = {isa = PBXBuildFile; fileRef = D7187E1D21CD323A005927CC /* AnotherViewController.m */; };
/* End PBXBuildFile section */

/* Begin PBXFileReference section */
		15A0BA9777D10441640C2BF3 /* Pods_AblyExperiments.framework */ = {isa = PBXFileReference; explicitFileType = wrapper.framework; includeInIndex = 0; path = Pods_AblyExperiments.framework; sourceTree = BUILT_PRODUCTS_DIR; };
		65FDBF0C381D0EF76BF1717B /* Pods-AblyExperiments.debug.xcconfig */ = {isa = PBXFileReference; includeInIndex = 1; lastKnownFileType = text.xcconfig; name = "Pods-AblyExperiments.debug.xcconfig"; path = "Pods/Target Support Files/Pods-AblyExperiments/Pods-AblyExperiments.debug.xcconfig"; sourceTree = "<group>"; };
		7DDEE65DA2F5F54BA7295567 /* Pods-AblyPushSwift.release.xcconfig */ = {isa = PBXFileReference; includeInIndex = 1; lastKnownFileType = text.xcconfig; name = "Pods-AblyPushSwift.release.xcconfig"; path = "Pods/Target Support Files/Pods-AblyPushSwift/Pods-AblyPushSwift.release.xcconfig"; sourceTree = "<group>"; };
		8D6B66335F9BD3E8BDDC968D /* Pods-AblyExperiments.release.xcconfig */ = {isa = PBXFileReference; includeInIndex = 1; lastKnownFileType = text.xcconfig; name = "Pods-AblyExperiments.release.xcconfig"; path = "Pods/Target Support Files/Pods-AblyExperiments/Pods-AblyExperiments.release.xcconfig"; sourceTree = "<group>"; };
		D717FAA82164CA70008E9A04 /* AblyExperiments.app */ = {isa = PBXFileReference; explicitFileType = wrapper.application; includeInIndex = 0; path = AblyExperiments.app; sourceTree = BUILT_PRODUCTS_DIR; };
		D717FAAB2164CA70008E9A04 /* AppDelegate.swift */ = {isa = PBXFileReference; lastKnownFileType = sourcecode.swift; path = AppDelegate.swift; sourceTree = "<group>"; };
		D717FAAD2164CA70008E9A04 /* ViewController.swift */ = {isa = PBXFileReference; lastKnownFileType = sourcecode.swift; path = ViewController.swift; sourceTree = "<group>"; };
		D717FAB02164CA70008E9A04 /* Base */ = {isa = PBXFileReference; lastKnownFileType = file.storyboard; name = Base; path = Base.lproj/Main.storyboard; sourceTree = "<group>"; };
		D717FAB22164CA72008E9A04 /* Assets.xcassets */ = {isa = PBXFileReference; lastKnownFileType = folder.assetcatalog; path = Assets.xcassets; sourceTree = "<group>"; };
		D717FAB52164CA72008E9A04 /* Base */ = {isa = PBXFileReference; lastKnownFileType = file.storyboard; name = Base; path = Base.lproj/LaunchScreen.storyboard; sourceTree = "<group>"; };
		D717FAB72164CA72008E9A04 /* Info.plist */ = {isa = PBXFileReference; lastKnownFileType = text.plist.xml; path = Info.plist; sourceTree = "<group>"; };
		D7187E1B21CD3239005927CC /* AblyExperiments-Bridging-Header.h */ = {isa = PBXFileReference; lastKnownFileType = sourcecode.c.h; path = "AblyExperiments-Bridging-Header.h"; sourceTree = "<group>"; };
		D7187E1C21CD323A005927CC /* AnotherViewController.h */ = {isa = PBXFileReference; lastKnownFileType = sourcecode.c.h; path = AnotherViewController.h; sourceTree = "<group>"; };
		D7187E1D21CD323A005927CC /* AnotherViewController.m */ = {isa = PBXFileReference; lastKnownFileType = sourcecode.c.objc; path = AnotherViewController.m; sourceTree = "<group>"; };
		D7A0B7B021C2B274007253D9 /* Ably.entitlements */ = {isa = PBXFileReference; lastKnownFileType = text.plist.entitlements; path = Ably.entitlements; sourceTree = "<group>"; };
		DBC2812849C841BE4708039A /* Pods-AblyPushSwift.debug.xcconfig */ = {isa = PBXFileReference; includeInIndex = 1; lastKnownFileType = text.xcconfig; name = "Pods-AblyPushSwift.debug.xcconfig"; path = "Pods/Target Support Files/Pods-AblyPushSwift/Pods-AblyPushSwift.debug.xcconfig"; sourceTree = "<group>"; };
/* End PBXFileReference section */

/* Begin PBXFrameworksBuildPhase section */
		D717FAA52164CA70008E9A04 /* Frameworks */ = {
			isa = PBXFrameworksBuildPhase;
			buildActionMask = 2147483647;
			files = (
				C69BC8763E811FE77F5E9829 /* Pods_AblyExperiments.framework in Frameworks */,
			);
			runOnlyForDeploymentPostprocessing = 0;
		};
/* End PBXFrameworksBuildPhase section */

/* Begin PBXGroup section */
		D717FA9F2164CA70008E9A04 = {
			isa = PBXGroup;
			children = (
				D717FAAA2164CA70008E9A04 /* AblyExperiments */,
				D717FAA92164CA70008E9A04 /* Products */,
				DAC144A3A00FBB698A7F8419 /* Pods */,
				D7ADA8C430947364E37B6889 /* Frameworks */,
			);
			sourceTree = "<group>";
		};
		D717FAA92164CA70008E9A04 /* Products */ = {
			isa = PBXGroup;
			children = (
				D717FAA82164CA70008E9A04 /* AblyExperiments.app */,
			);
			name = Products;
			sourceTree = "<group>";
		};
		D717FAAA2164CA70008E9A04 /* AblyExperiments */ = {
			isa = PBXGroup;
			children = (
				D7A0B7B021C2B274007253D9 /* Ably.entitlements */,
				D717FAAB2164CA70008E9A04 /* AppDelegate.swift */,
				D717FAAD2164CA70008E9A04 /* ViewController.swift */,
				D7187E1C21CD323A005927CC /* AnotherViewController.h */,
				D7187E1D21CD323A005927CC /* AnotherViewController.m */,
				D717FAAF2164CA70008E9A04 /* Main.storyboard */,
				D717FAB22164CA72008E9A04 /* Assets.xcassets */,
				D717FAB42164CA72008E9A04 /* LaunchScreen.storyboard */,
				D717FAB72164CA72008E9A04 /* Info.plist */,
				D7187E1B21CD3239005927CC /* AblyExperiments-Bridging-Header.h */,
			);
			path = AblyExperiments;
			sourceTree = "<group>";
		};
		D7ADA8C430947364E37B6889 /* Frameworks */ = {
			isa = PBXGroup;
			children = (
				15A0BA9777D10441640C2BF3 /* Pods_AblyExperiments.framework */,
			);
			name = Frameworks;
			sourceTree = "<group>";
		};
		DAC144A3A00FBB698A7F8419 /* Pods */ = {
			isa = PBXGroup;
			children = (
				DBC2812849C841BE4708039A /* Pods-AblyPushSwift.debug.xcconfig */,
				7DDEE65DA2F5F54BA7295567 /* Pods-AblyPushSwift.release.xcconfig */,
				65FDBF0C381D0EF76BF1717B /* Pods-AblyExperiments.debug.xcconfig */,
				8D6B66335F9BD3E8BDDC968D /* Pods-AblyExperiments.release.xcconfig */,
			);
			name = Pods;
			sourceTree = "<group>";
		};
/* End PBXGroup section */

/* Begin PBXNativeTarget section */
		D717FAA72164CA70008E9A04 /* AblyExperiments */ = {
			isa = PBXNativeTarget;
			buildConfigurationList = D717FABA2164CA72008E9A04 /* Build configuration list for PBXNativeTarget "AblyExperiments" */;
			buildPhases = (
				DCA44AFF666A17F92B2C87AB /* [CP] Check Pods Manifest.lock */,
				D717FAA42164CA70008E9A04 /* Sources */,
				D717FAA52164CA70008E9A04 /* Frameworks */,
				D717FAA62164CA70008E9A04 /* Resources */,
				888B6B6993FD6821BFEE2E41 /* [CP] Embed Pods Frameworks */,
			);
			buildRules = (
			);
			dependencies = (
			);
			name = AblyExperiments;
			productName = AblyPushSwift;
			productReference = D717FAA82164CA70008E9A04 /* AblyExperiments.app */;
			productType = "com.apple.product-type.application";
		};
/* End PBXNativeTarget section */

/* Begin PBXProject section */
		D717FAA02164CA70008E9A04 /* Project object */ = {
			isa = PBXProject;
			attributes = {
				LastSwiftUpdateCheck = 1000;
				LastUpgradeCheck = 1000;
				ORGANIZATIONNAME = Whitesmith;
				TargetAttributes = {
					D717FAA72164CA70008E9A04 = {
						CreatedOnToolsVersion = 10.0;
						LastSwiftMigration = 1020;
						SystemCapabilities = {
							com.apple.Push = {
								enabled = 1;
							};
						};
					};
				};
			};
			buildConfigurationList = D717FAA32164CA70008E9A04 /* Build configuration list for PBXProject "AblyExperiments" */;
			compatibilityVersion = "Xcode 9.3";
			developmentRegion = en;
			hasScannedForEncodings = 0;
			knownRegions = (
				en,
				Base,
			);
			mainGroup = D717FA9F2164CA70008E9A04;
			productRefGroup = D717FAA92164CA70008E9A04 /* Products */;
			projectDirPath = "";
			projectRoot = "";
			targets = (
				D717FAA72164CA70008E9A04 /* AblyExperiments */,
			);
		};
/* End PBXProject section */

/* Begin PBXResourcesBuildPhase section */
		D717FAA62164CA70008E9A04 /* Resources */ = {
			isa = PBXResourcesBuildPhase;
			buildActionMask = 2147483647;
			files = (
				D717FAB62164CA72008E9A04 /* LaunchScreen.storyboard in Resources */,
				D717FAB32164CA72008E9A04 /* Assets.xcassets in Resources */,
				D717FAB12164CA70008E9A04 /* Main.storyboard in Resources */,
			);
			runOnlyForDeploymentPostprocessing = 0;
		};
/* End PBXResourcesBuildPhase section */

/* Begin PBXShellScriptBuildPhase section */
		888B6B6993FD6821BFEE2E41 /* [CP] Embed Pods Frameworks */ = {
			isa = PBXShellScriptBuildPhase;
			buildActionMask = 2147483647;
			files = (
			);
			inputFileListPaths = (
				"${PODS_ROOT}/Target Support Files/Pods-AblyExperiments/Pods-AblyExperiments-frameworks-${CONFIGURATION}-input-files.xcfilelist",
			);
			name = "[CP] Embed Pods Frameworks";
			outputFileListPaths = (
				"${PODS_ROOT}/Target Support Files/Pods-AblyExperiments/Pods-AblyExperiments-frameworks-${CONFIGURATION}-output-files.xcfilelist",
			);
			runOnlyForDeploymentPostprocessing = 0;
			shellPath = /bin/sh;
			shellScript = "\"${PODS_ROOT}/Target Support Files/Pods-AblyExperiments/Pods-AblyExperiments-frameworks.sh\"\n";
			showEnvVarsInLog = 0;
		};
		DCA44AFF666A17F92B2C87AB /* [CP] Check Pods Manifest.lock */ = {
			isa = PBXShellScriptBuildPhase;
			buildActionMask = 2147483647;
			files = (
			);
			inputFileListPaths = (
			);
			inputPaths = (
				"${PODS_PODFILE_DIR_PATH}/Podfile.lock",
				"${PODS_ROOT}/Manifest.lock",
			);
			name = "[CP] Check Pods Manifest.lock";
			outputFileListPaths = (
			);
			outputPaths = (
				"$(DERIVED_FILE_DIR)/Pods-AblyExperiments-checkManifestLockResult.txt",
			);
			runOnlyForDeploymentPostprocessing = 0;
			shellPath = /bin/sh;
			shellScript = "diff \"${PODS_PODFILE_DIR_PATH}/Podfile.lock\" \"${PODS_ROOT}/Manifest.lock\" > /dev/null\nif [ $? != 0 ] ; then\n    # print error to STDERR\n    echo \"error: The sandbox is not in sync with the Podfile.lock. Run 'pod install' or update your CocoaPods installation.\" >&2\n    exit 1\nfi\n# This output is used by Xcode 'outputs' to avoid re-running this script phase.\necho \"SUCCESS\" > \"${SCRIPT_OUTPUT_FILE_0}\"\n";
			showEnvVarsInLog = 0;
		};
/* End PBXShellScriptBuildPhase section */

/* Begin PBXSourcesBuildPhase section */
		D717FAA42164CA70008E9A04 /* Sources */ = {
			isa = PBXSourcesBuildPhase;
			buildActionMask = 2147483647;
			files = (
				D717FAAE2164CA70008E9A04 /* ViewController.swift in Sources */,
				D7187E1E21CD323A005927CC /* AnotherViewController.m in Sources */,
				D717FAAC2164CA70008E9A04 /* AppDelegate.swift in Sources */,
			);
			runOnlyForDeploymentPostprocessing = 0;
		};
/* End PBXSourcesBuildPhase section */

/* Begin PBXVariantGroup section */
		D717FAAF2164CA70008E9A04 /* Main.storyboard */ = {
			isa = PBXVariantGroup;
			children = (
				D717FAB02164CA70008E9A04 /* Base */,
			);
			name = Main.storyboard;
			sourceTree = "<group>";
		};
		D717FAB42164CA72008E9A04 /* LaunchScreen.storyboard */ = {
			isa = PBXVariantGroup;
			children = (
				D717FAB52164CA72008E9A04 /* Base */,
			);
			name = LaunchScreen.storyboard;
			sourceTree = "<group>";
		};
/* End PBXVariantGroup section */

/* Begin XCBuildConfiguration section */
		D717FAB82164CA72008E9A04 /* Debug */ = {
			isa = XCBuildConfiguration;
			buildSettings = {
				ALWAYS_SEARCH_USER_PATHS = NO;
				CLANG_ANALYZER_NONNULL = YES;
				CLANG_ANALYZER_NUMBER_OBJECT_CONVERSION = YES_AGGRESSIVE;
				CLANG_CXX_LANGUAGE_STANDARD = "gnu++14";
				CLANG_CXX_LIBRARY = "libc++";
				CLANG_ENABLE_MODULES = YES;
				CLANG_ENABLE_OBJC_ARC = YES;
				CLANG_ENABLE_OBJC_WEAK = YES;
				CLANG_WARN_BLOCK_CAPTURE_AUTORELEASING = YES;
				CLANG_WARN_BOOL_CONVERSION = YES;
				CLANG_WARN_COMMA = YES;
				CLANG_WARN_CONSTANT_CONVERSION = YES;
				CLANG_WARN_DEPRECATED_OBJC_IMPLEMENTATIONS = YES;
				CLANG_WARN_DIRECT_OBJC_ISA_USAGE = YES_ERROR;
				CLANG_WARN_DOCUMENTATION_COMMENTS = YES;
				CLANG_WARN_EMPTY_BODY = YES;
				CLANG_WARN_ENUM_CONVERSION = YES;
				CLANG_WARN_INFINITE_RECURSION = YES;
				CLANG_WARN_INT_CONVERSION = YES;
				CLANG_WARN_NON_LITERAL_NULL_CONVERSION = YES;
				CLANG_WARN_OBJC_IMPLICIT_RETAIN_SELF = YES;
				CLANG_WARN_OBJC_LITERAL_CONVERSION = YES;
				CLANG_WARN_OBJC_ROOT_CLASS = YES_ERROR;
				CLANG_WARN_RANGE_LOOP_ANALYSIS = YES;
				CLANG_WARN_STRICT_PROTOTYPES = YES;
				CLANG_WARN_SUSPICIOUS_MOVE = YES;
				CLANG_WARN_UNGUARDED_AVAILABILITY = YES_AGGRESSIVE;
				CLANG_WARN_UNREACHABLE_CODE = YES;
				CLANG_WARN__DUPLICATE_METHOD_MATCH = YES;
				CODE_SIGN_IDENTITY = "iPhone Developer";
				COPY_PHASE_STRIP = NO;
				CURRENT_PROJECT_VERSION = 6;
				DEBUG_INFORMATION_FORMAT = dwarf;
				ENABLE_STRICT_OBJC_MSGSEND = YES;
				ENABLE_TESTABILITY = YES;
				GCC_C_LANGUAGE_STANDARD = gnu11;
				GCC_DYNAMIC_NO_PIC = NO;
				GCC_NO_COMMON_BLOCKS = YES;
				GCC_OPTIMIZATION_LEVEL = 0;
				GCC_PREPROCESSOR_DEFINITIONS = (
					"DEBUG=1",
					"$(inherited)",
				);
				GCC_WARN_64_TO_32_BIT_CONVERSION = YES;
				GCC_WARN_ABOUT_RETURN_TYPE = YES_ERROR;
				GCC_WARN_UNDECLARED_SELECTOR = YES;
				GCC_WARN_UNINITIALIZED_AUTOS = YES_AGGRESSIVE;
				GCC_WARN_UNUSED_FUNCTION = YES;
				GCC_WARN_UNUSED_VARIABLE = YES;
				IPHONEOS_DEPLOYMENT_TARGET = 12.0;
				MTL_ENABLE_DEBUG_INFO = INCLUDE_SOURCE;
				MTL_FAST_MATH = YES;
				ONLY_ACTIVE_ARCH = YES;
				SDKROOT = iphoneos;
				SWIFT_ACTIVE_COMPILATION_CONDITIONS = DEBUG;
				SWIFT_OPTIMIZATION_LEVEL = "-Onone";
				VERSIONING_SYSTEM = "apple-generic";
			};
			name = Debug;
		};
		D717FAB92164CA72008E9A04 /* Release */ = {
			isa = XCBuildConfiguration;
			buildSettings = {
				ALWAYS_SEARCH_USER_PATHS = NO;
				CLANG_ANALYZER_NONNULL = YES;
				CLANG_ANALYZER_NUMBER_OBJECT_CONVERSION = YES_AGGRESSIVE;
				CLANG_CXX_LANGUAGE_STANDARD = "gnu++14";
				CLANG_CXX_LIBRARY = "libc++";
				CLANG_ENABLE_MODULES = YES;
				CLANG_ENABLE_OBJC_ARC = YES;
				CLANG_ENABLE_OBJC_WEAK = YES;
				CLANG_WARN_BLOCK_CAPTURE_AUTORELEASING = YES;
				CLANG_WARN_BOOL_CONVERSION = YES;
				CLANG_WARN_COMMA = YES;
				CLANG_WARN_CONSTANT_CONVERSION = YES;
				CLANG_WARN_DEPRECATED_OBJC_IMPLEMENTATIONS = YES;
				CLANG_WARN_DIRECT_OBJC_ISA_USAGE = YES_ERROR;
				CLANG_WARN_DOCUMENTATION_COMMENTS = YES;
				CLANG_WARN_EMPTY_BODY = YES;
				CLANG_WARN_ENUM_CONVERSION = YES;
				CLANG_WARN_INFINITE_RECURSION = YES;
				CLANG_WARN_INT_CONVERSION = YES;
				CLANG_WARN_NON_LITERAL_NULL_CONVERSION = YES;
				CLANG_WARN_OBJC_IMPLICIT_RETAIN_SELF = YES;
				CLANG_WARN_OBJC_LITERAL_CONVERSION = YES;
				CLANG_WARN_OBJC_ROOT_CLASS = YES_ERROR;
				CLANG_WARN_RANGE_LOOP_ANALYSIS = YES;
				CLANG_WARN_STRICT_PROTOTYPES = YES;
				CLANG_WARN_SUSPICIOUS_MOVE = YES;
				CLANG_WARN_UNGUARDED_AVAILABILITY = YES_AGGRESSIVE;
				CLANG_WARN_UNREACHABLE_CODE = YES;
				CLANG_WARN__DUPLICATE_METHOD_MATCH = YES;
				CODE_SIGN_IDENTITY = "iPhone Developer";
				COPY_PHASE_STRIP = NO;
				CURRENT_PROJECT_VERSION = 6;
				DEBUG_INFORMATION_FORMAT = "dwarf-with-dsym";
				ENABLE_NS_ASSERTIONS = NO;
				ENABLE_STRICT_OBJC_MSGSEND = YES;
				GCC_C_LANGUAGE_STANDARD = gnu11;
				GCC_NO_COMMON_BLOCKS = YES;
				GCC_WARN_64_TO_32_BIT_CONVERSION = YES;
				GCC_WARN_ABOUT_RETURN_TYPE = YES_ERROR;
				GCC_WARN_UNDECLARED_SELECTOR = YES;
				GCC_WARN_UNINITIALIZED_AUTOS = YES_AGGRESSIVE;
				GCC_WARN_UNUSED_FUNCTION = YES;
				GCC_WARN_UNUSED_VARIABLE = YES;
				IPHONEOS_DEPLOYMENT_TARGET = 12.0;
				MTL_ENABLE_DEBUG_INFO = NO;
				MTL_FAST_MATH = YES;
				SDKROOT = iphoneos;
				SWIFT_COMPILATION_MODE = wholemodule;
				SWIFT_OPTIMIZATION_LEVEL = "-O";
				VALIDATE_PRODUCT = YES;
				VERSIONING_SYSTEM = "apple-generic";
			};
			name = Release;
		};
		D717FABB2164CA72008E9A04 /* Debug */ = {
			isa = XCBuildConfiguration;
			baseConfigurationReference = 65FDBF0C381D0EF76BF1717B /* Pods-AblyExperiments.debug.xcconfig */;
			buildSettings = {
				ASSETCATALOG_COMPILER_APPICON_NAME = AppIcon;
				CLANG_ENABLE_MODULES = YES;
				CODE_SIGN_ENTITLEMENTS = AblyExperiments/Ably.entitlements;
				CODE_SIGN_STYLE = Automatic;
				DEVELOPMENT_TEAM = 2E58BZR8M3;
				INFOPLIST_FILE = "$(SRCROOT)/AblyExperiments/Info.plist";
				LD_RUNPATH_SEARCH_PATHS = (
					"$(inherited)",
					"@executable_path/Frameworks",
				);
				PRODUCT_BUNDLE_IDENTIFIER = co.whitesmith.AblyPush;
				PRODUCT_NAME = "$(TARGET_NAME)";
				SWIFT_OBJC_BRIDGING_HEADER = "AblyExperiments/AblyExperiments-Bridging-Header.h";
				SWIFT_OPTIMIZATION_LEVEL = "-Onone";
				SWIFT_VERSION = 5.0;
				TARGETED_DEVICE_FAMILY = "1,2";
			};
			name = Debug;
		};
		D717FABC2164CA72008E9A04 /* Release */ = {
			isa = XCBuildConfiguration;
			baseConfigurationReference = 8D6B66335F9BD3E8BDDC968D /* Pods-AblyExperiments.release.xcconfig */;
			buildSettings = {
				ASSETCATALOG_COMPILER_APPICON_NAME = AppIcon;
				CLANG_ENABLE_MODULES = YES;
				CODE_SIGN_ENTITLEMENTS = AblyExperiments/Ably.entitlements;
				CODE_SIGN_STYLE = Automatic;
				DEVELOPMENT_TEAM = 2E58BZR8M3;
				INFOPLIST_FILE = "$(SRCROOT)/AblyExperiments/Info.plist";
				LD_RUNPATH_SEARCH_PATHS = (
					"$(inherited)",
					"@executable_path/Frameworks",
				);
				PRODUCT_BUNDLE_IDENTIFIER = co.whitesmith.AblyPush;
				PRODUCT_NAME = "$(TARGET_NAME)";
				SWIFT_OBJC_BRIDGING_HEADER = "AblyExperiments/AblyExperiments-Bridging-Header.h";
				SWIFT_VERSION = 5.0;
				TARGETED_DEVICE_FAMILY = "1,2";
			};
			name = Release;
		};
/* End XCBuildConfiguration section */

/* Begin XCConfigurationList section */
		D717FAA32164CA70008E9A04 /* Build configuration list for PBXProject "AblyExperiments" */ = {
			isa = XCConfigurationList;
			buildConfigurations = (
				D717FAB82164CA72008E9A04 /* Debug */,
				D717FAB92164CA72008E9A04 /* Release */,
			);
			defaultConfigurationIsVisible = 0;
			defaultConfigurationName = Release;
		};
		D717FABA2164CA72008E9A04 /* Build configuration list for PBXNativeTarget "AblyExperiments" */ = {
			isa = XCConfigurationList;
			buildConfigurations = (
				D717FABB2164CA72008E9A04 /* Debug */,
				D717FABC2164CA72008E9A04 /* Release */,
			);
			defaultConfigurationIsVisible = 0;
			defaultConfigurationName = Release;
		};
/* End XCConfigurationList section */
	};
	rootObject = D717FAA02164CA70008E9A04 /* Project object */;
}
